
Microsoft Visual Studio Solution File, Format Version 12.00
# Visual Studio 14
VisualStudioVersion = 14.0.25420.1
MinimumVisualStudioVersion = 10.0.40219.1
Project("{FAE04EC0-301F-11D3-BF4B-00C04F79EFBC}") = "File Extension", "File Extension\File Extension.csproj", "{780B96BD-1E98-430E-813B-B7D6C6171339}"
EndProject
Global
	GlobalSection(SolutionConfigurationPlatforms) = preSolution
		Debug|Any CPU = Debug|Any CPU
		Release|Any CPU = Release|Any CPU
	EndGlobalSection
	GlobalSection(ProjectConfigurationPlatforms) = postSolution
		{780B96BD-1E98-430E-813B-B7D6C6171339}.Debug|Any CPU.ActiveCfg = Debug|Any CPU
		{780B96BD-1E98-430E-813B-B7D6C6171339}.Debug|Any CPU.Build.0 = Debug|Any CPU
		{780B96BD-1E98-430E-813B-B7D6C6171339}.Release|Any CPU.ActiveCfg = Release|Any CPU
		{780B96BD-1E98-430E-813B-B7D6C6171339}.Release|Any CPU.Build.0 = Release|Any CPU
	EndGlobalSection
	GlobalSection(SolutionProperties) = preSolution
		HideSolutionNode = FALSE
	EndGlobalSection
EndGlobal
